
Microsoft Visual Studio Solution File, Format Version 12.00
# Visual Studio Version 17
VisualStudioVersion = 17.9.34902.65
MinimumVisualStudioVersion = 10.0.40219.1
Project("{9A19103F-16F7-4668-BE54-9A1E7A4F7556}") = "NikiConnectAPI.Lib", "NikiConnectAPI.Lib\NikiConnectAPI.Lib.csproj", "{315B9ED7-AD57-4E2B-89B2-54A3DAC1EE6B}"
EndProject
Project("{FAE04EC0-301F-11D3-BF4B-00C04F79EFBC}") = "NikiConnectAPI.Test", "NikiConnectAPI.Test\NikiConnectAPI.Test.csproj", "{8919A940-FEE6-4B62-A324-CC255A055A42}"
EndProject
Global
	GlobalSection(SolutionConfigurationPlatforms) = preSolution
		Debug|Any CPU = Debug|Any CPU
		Release|Any CPU = Release|Any CPU
	EndGlobalSection
	GlobalSection(ProjectConfigurationPlatforms) = postSolution
		{315B9ED7-AD57-4E2B-89B2-54A3DAC1EE6B}.Debug|Any CPU.ActiveCfg = Debug|Any CPU
		{315B9ED7-AD57-4E2B-89B2-54A3DAC1EE6B}.Debug|Any CPU.Build.0 = Debug|Any CPU
		{315B9ED7-AD57-4E2B-89B2-54A3DAC1EE6B}.Release|Any CPU.ActiveCfg = Release|Any CPU
		{315B9ED7-AD57-4E2B-89B2-54A3DAC1EE6B}.Release|Any CPU.Build.0 = Release|Any CPU
		{8919A940-FEE6-4B62-A324-CC255A055A42}.Debug|Any CPU.ActiveCfg = Debug|Any CPU
		{8919A940-FEE6-4B62-A324-CC255A055A42}.Debug|Any CPU.Build.0 = Debug|Any CPU
		{8919A940-FEE6-4B62-A324-CC255A055A42}.Release|Any CPU.ActiveCfg = Release|Any CPU
		{8919A940-FEE6-4B62-A324-CC255A055A42}.Release|Any CPU.Build.0 = Release|Any CPU
	EndGlobalSection
	GlobalSection(SolutionProperties) = preSolution
		HideSolutionNode = FALSE
	EndGlobalSection
	GlobalSection(ExtensibilityGlobals) = postSolution
		SolutionGuid = {A56D371F-FBA9-4A07-BBA0-3F2C8D839454}
	EndGlobalSection
EndGlobal
